{
  "name": "to-esm-demo",
  "version": "1.0.0",
  "lockfileVersion": 2,
  "requires": true,
  "packages": {
    "": {
      "name": "to-esm-demo",
      "version": "1.0.0",
      "license": "ISC",
      "bin": {
        "esm-go": "index.js"
      },
      "engines": {
        "node": "^12.20.0 || ^14.13.1 || >=16.0.0"
      }
    }
  }
}
